{
    "name": "commander-api",
    "version": "1.14.0",
    "lockfileVersion": 3,
    "requires": true,
    "packages": {
        "": {
            "name": "commander-api",
            "version": "1.14.0",
            "license": "GPL-3.0",
            "devDependencies": {
                "@minecraft/server": "^1.16.0-beta.1.21.42-stable",
                "@minecraft/server-ui": "^1.4.0-beta.1.21.42-stable"
            }
        },
        "node_modules/@minecraft/common": {
            "version": "1.2.0",
            "resolved": "https://registry.npmjs.org/@minecraft/common/-/common-1.2.0.tgz",
            "integrity": "sha512-JdmEq4P3Z/FtoBzhLijFgMSVFnFRrUoLwY8DHHrgtFo0mfLTOLTB1RErYjLMsA6b7BGVNxkX/pfFRiH7QZ0XwQ==",
            "dev": true
        },
        "node_modules/@minecraft/server": {
            "version": "1.16.0-rc.1.21.50-preview.25",
            "resolved": "https://registry.npmjs.org/@minecraft/server/-/server-1.16.0-rc.1.21.50-preview.25.tgz",
            "integrity": "sha512-+HZ5b8cikOBEDPz8au/HRPki27L+J46Q7nGO1l9lQZtOrjFi5eCjSeV/0/WGel+hB9I2RXCGE1o7TFTTu/hJPA==",
            "dev": true,
            "dependencies": {
                "@minecraft/common": "^1.1.0"
            }
        },
        "node_modules/@minecraft/server-ui": {
            "version": "1.4.0-beta.1.21.50-preview.25",
            "resolved": "https://registry.npmjs.org/@minecraft/server-ui/-/server-ui-1.4.0-beta.1.21.50-preview.25.tgz",
            "integrity": "sha512-wO2TPInRofbZrJ6Nk+QFC+PZSWp3r5K8VZhPU0JsgS4z6YyO5Ose2xogiCUiLe9R00KNzR2PRgyZ9HjvkeRGfw==",
            "dev": true,
            "dependencies": {
                "@minecraft/common": "^1.0.0",
                "@minecraft/server": "^1.8.0"
            }
        },
        "node_modules/@minecraft/server-ui/node_modules/@minecraft/server": {
            "version": "1.9.0",
            "resolved": "https://registry.npmjs.org/@minecraft/server/-/server-1.9.0.tgz",
            "integrity": "sha512-PhOLfCYM83t24TY3+8WA5zCRGCyG/89VC6ZSi4Ye92QZORC/0Td5JIh2ctJtUhAiYCbct/Ph/Of3BCi8/itr6A==",
            "dev": true,
            "dependencies": {
                "@minecraft/common": "^1.1.0"
            }
        }
    }
}
