{
    "name": "commander-api",
    "version": "1.21.0",
    "lockfileVersion": 3,
    "requires": true,
    "packages": {
        "": {
            "name": "commander-api",
            "version": "1.21.0",
            "license": "GPL-3.0",
            "devDependencies": {
                "@minecraft/server": "^2.1.0-beta.1.21.90-stable",
                "@minecraft/server-ui": "^2.1.0-beta.1.21.90-stable"
            }
        },
        "node_modules/@minecraft/common": {
            "version": "1.2.0",
            "resolved": "https://registry.npmjs.org/@minecraft/common/-/common-1.2.0.tgz",
            "integrity": "sha512-JdmEq4P3Z/FtoBzhLijFgMSVFnFRrUoLwY8DHHrgtFo0mfLTOLTB1RErYjLMsA6b7BGVNxkX/pfFRiH7QZ0XwQ==",
            "dev": true,
            "license": "MIT"
        },
        "node_modules/@minecraft/server": {
            "version": "2.1.0-beta.1.21.90-stable",
            "resolved": "https://registry.npmjs.org/@minecraft/server/-/server-2.1.0-beta.1.21.90-stable.tgz",
            "integrity": "sha512-gh/CAx14MyY6phazjjOUOotp33Xi52ZSa1jZk1ptpAobDSni14bLooLNndOwfvijPp34WcbuNgJeCDg3tOkt3A==",
            "dev": true,
            "license": "MIT",
            "dependencies": {
                "@minecraft/common": "^1.1.0"
            },
            "peerDependencies": {
                "@minecraft/vanilla-data": ">=1.20.70"
            }
        },
        "node_modules/@minecraft/server-ui": {
            "version": "2.1.0-beta.1.21.90-stable",
            "resolved": "https://registry.npmjs.org/@minecraft/server-ui/-/server-ui-2.1.0-beta.1.21.90-stable.tgz",
            "integrity": "sha512-chM2uPvf64NmC9399N9NGYv0MQEOjKuRyN5Xpxh9hGGya+QlyRPhqUmUH791lFOPrshfjl23G8dsISmLo60yJA==",
            "dev": true,
            "license": "MIT",
            "dependencies": {
                "@minecraft/common": "^1.0.0",
                "@minecraft/server": "^2.0.0"
            }
        },
        "node_modules/@minecraft/server-ui/node_modules/@minecraft/server": {
            "version": "2.0.0",
            "resolved": "https://registry.npmjs.org/@minecraft/server/-/server-2.0.0.tgz",
            "integrity": "sha512-X2LmT82eO0oCjOFaFgg6zoGenAUSyrG+YvIbe7/FSPj9hpMt4BtOIs7axoQUUvMx2NNbq8uEsnQadMMrDDBmUA==",
            "dev": true,
            "license": "MIT",
            "dependencies": {
                "@minecraft/common": "^1.1.0"
            },
            "peerDependencies": {
                "@minecraft/vanilla-data": ">=1.20.70"
            }
        },
        "node_modules/@minecraft/vanilla-data": {
            "version": "1.21.81",
            "resolved": "https://registry.npmjs.org/@minecraft/vanilla-data/-/vanilla-data-1.21.81.tgz",
            "integrity": "sha512-YODTWnkEiFc9VjKOGOuLXZZQpkLQw9EIsxAoHtBT+K8huDv5nWLheX5hc1Z9OqY/+iFaIT7ueJNfBbXW/WOF1A==",
            "dev": true,
            "license": "MIT",
            "peer": true
        }
    }
}
